
Microsoft Visual Studio Solution File, Format Version 12.00
# Visual Studio for Mac
Project("{FAE04EC0-301F-11D3-BF4B-00C04F79EFBC}") = "Assembly-CSharp", "Assembly-CSharp.csproj", "{10E359BA-790A-3AE2-0795-B041FCB66676}"
EndProject
Project("{FAE04EC0-301F-11D3-BF4B-00C04F79EFBC}") = "Assembly-CSharp-firstpass", "Assembly-CSharp-firstpass.csproj", "{5B2DE729-149A-4DF6-09D6-D49F9EEAD0A8}"
EndProject
Project("{FAE04EC0-301F-11D3-BF4B-00C04F79EFBC}") = "Assembly-CSharp-Editor-firstpass", "Assembly-CSharp-Editor-firstpass.csproj", "{2F5B25E3-5741-C95C-3CFD-91E98189EF45}"
EndProject
Global
	GlobalSection(SolutionConfigurationPlatforms) = preSolution
		Debug|Any CPU = Debug|Any CPU
		Release|Any CPU = Release|Any CPU
	EndGlobalSection
	GlobalSection(ProjectConfigurationPlatforms) = postSolution
		{10E359BA-790A-3AE2-0795-B041FCB66676}.Debug|Any CPU.ActiveCfg = Debug|Any CPU
		{10E359BA-790A-3AE2-0795-B041FCB66676}.Debug|Any CPU.Build.0 = Debug|Any CPU
		{10E359BA-790A-3AE2-0795-B041FCB66676}.Release|Any CPU.ActiveCfg = Release|Any CPU
		{10E359BA-790A-3AE2-0795-B041FCB66676}.Release|Any CPU.Build.0 = Release|Any CPU
		{5B2DE729-149A-4DF6-09D6-D49F9EEAD0A8}.Debug|Any CPU.ActiveCfg = Debug|Any CPU
		{5B2DE729-149A-4DF6-09D6-D49F9EEAD0A8}.Debug|Any CPU.Build.0 = Debug|Any CPU
		{5B2DE729-149A-4DF6-09D6-D49F9EEAD0A8}.Release|Any CPU.ActiveCfg = Release|Any CPU
		{5B2DE729-149A-4DF6-09D6-D49F9EEAD0A8}.Release|Any CPU.Build.0 = Release|Any CPU
		{2F5B25E3-5741-C95C-3CFD-91E98189EF45}.Debug|Any CPU.ActiveCfg = Debug|Any CPU
		{2F5B25E3-5741-C95C-3CFD-91E98189EF45}.Debug|Any CPU.Build.0 = Debug|Any CPU
		{2F5B25E3-5741-C95C-3CFD-91E98189EF45}.Release|Any CPU.ActiveCfg = Release|Any CPU
		{2F5B25E3-5741-C95C-3CFD-91E98189EF45}.Release|Any CPU.Build.0 = Release|Any CPU
	EndGlobalSection
	GlobalSection(SolutionProperties) = preSolution
		HideSolutionNode = FALSE
	EndGlobalSection
EndGlobal
